
Microsoft Visual Studio Solution File, Format Version 12.00
# Visual Studio Version 17
VisualStudioVersion = 17.14.36414.22 d17.14
MinimumVisualStudioVersion = 10.0.40219.1
Project("{8BC9CEB8-8B4A-11D0-8D11-00A0C91BC942}") = "maxspace", "maxspace\maxspace.vcxproj", "{612F4A02-D648-4B34-8973-DEDA29724C51}"
EndProject
Global
	GlobalSection(SolutionConfigurationPlatforms) = preSolution
		Debug|x64 = Debug|x64
		Debug|x86 = Debug|x86
		Release|x64 = Release|x64
		Release|x86 = Release|x86
	EndGlobalSection
	GlobalSection(ProjectConfigurationPlatforms) = postSolution
		{612F4A02-D648-4B34-8973-DEDA29724C51}.Debug|x64.ActiveCfg = Debug|x64
		{612F4A02-D648-4B34-8973-DEDA29724C51}.Debug|x64.Build.0 = Debug|x64
		{612F4A02-D648-4B34-8973-DEDA29724C51}.Debug|x86.ActiveCfg = Debug|Win32
		{612F4A02-D648-4B34-8973-DEDA29724C51}.Debug|x86.Build.0 = Debug|Win32
		{612F4A02-D648-4B34-8973-DEDA29724C51}.Release|x64.ActiveCfg = Release|x64
		{612F4A02-D648-4B34-8973-DEDA29724C51}.Release|x64.Build.0 = Release|x64
		{612F4A02-D648-4B34-8973-DEDA29724C51}.Release|x86.ActiveCfg = Release|Win32
		{612F4A02-D648-4B34-8973-DEDA29724C51}.Release|x86.Build.0 = Release|Win32
	EndGlobalSection
	GlobalSection(SolutionProperties) = preSolution
		HideSolutionNode = FALSE
	EndGlobalSection
	GlobalSection(ExtensibilityGlobals) = postSolution
		SolutionGuid = {4C852C58-E6D4-4D4D-A8DB-5022225CADE1}
	EndGlobalSection
EndGlobal
